
Microsoft Visual Studio Solution File, Format Version 12.00
# Visual Studio Version 17
VisualStudioVersion = 17.5.33414.496
MinimumVisualStudioVersion = 10.0.40219.1
Project("{FAE04EC0-301F-11D3-BF4B-00C04F79EFBC}") = "demo-octokit", "demo-octokit\demo-octokit.csproj", "{B507A413-D461-4BCB-985D-9C695E0A4F95}"
EndProject
Global
	GlobalSection(SolutionConfigurationPlatforms) = preSolution
		Debug|Any CPU = Debug|Any CPU
		Release|Any CPU = Release|Any CPU
	EndGlobalSection
	GlobalSection(ProjectConfigurationPlatforms) = postSolution
		{B507A413-D461-4BCB-985D-9C695E0A4F95}.Debug|Any CPU.ActiveCfg = Debug|Any CPU
		{B507A413-D461-4BCB-985D-9C695E0A4F95}.Debug|Any CPU.Build.0 = Debug|Any CPU
		{B507A413-D461-4BCB-985D-9C695E0A4F95}.Release|Any CPU.ActiveCfg = Release|Any CPU
		{B507A413-D461-4BCB-985D-9C695E0A4F95}.Release|Any CPU.Build.0 = Release|Any CPU
	EndGlobalSection
	GlobalSection(SolutionProperties) = preSolution
		HideSolutionNode = FALSE
	EndGlobalSection
	GlobalSection(ExtensibilityGlobals) = postSolution
		SolutionGuid = {E6A061DE-0925-4390-9555-F11B8F8CBA66}
	EndGlobalSection
EndGlobal
